
Microsoft Visual Studio Solution File, Format Version 12.00
# Visual Studio Version 17
VisualStudioVersion = 17.6.33723.286
MinimumVisualStudioVersion = 10.0.40219.1
Project("{FAE04EC0-301F-11D3-BF4B-00C04F79EFBC}") = "MQL_SDK_INSTALLER", "MQL_SDK_INSTALLER.csproj", "{AF855E12-5A29-473E-84B7-C9D28136DA98}"
EndProject
Global
	GlobalSection(SolutionConfigurationPlatforms) = preSolution
		Debug|Any CPU = Debug|Any CPU
		Release|Any CPU = Release|Any CPU
	EndGlobalSection
	GlobalSection(ProjectConfigurationPlatforms) = postSolution
		{AF855E12-5A29-473E-84B7-C9D28136DA98}.Debug|Any CPU.ActiveCfg = Debug|Any CPU
		{AF855E12-5A29-473E-84B7-C9D28136DA98}.Debug|Any CPU.Build.0 = Debug|Any CPU
		{AF855E12-5A29-473E-84B7-C9D28136DA98}.Release|Any CPU.ActiveCfg = Release|Any CPU
		{AF855E12-5A29-473E-84B7-C9D28136DA98}.Release|Any CPU.Build.0 = Release|Any CPU
	EndGlobalSection
	GlobalSection(SolutionProperties) = preSolution
		HideSolutionNode = FALSE
	EndGlobalSection
	GlobalSection(ExtensibilityGlobals) = postSolution
		SolutionGuid = {4A8A1B3A-929A-4E01-87EC-49149349B754}
	EndGlobalSection
EndGlobal
